
Microsoft Visual Studio Solution File, Format Version 12.00
# Visual Studio 15
VisualStudioVersion = 15.0.27130.2027
MinimumVisualStudioVersion = 10.0.40219.1
Project("{FAE04EC0-301F-11D3-BF4B-00C04F79EFBC}") = "MovilEjemplo1.Android", "MovilEjemplo1\MovilEjemplo1.Android\MovilEjemplo1.Android.csproj", "{4BFCCC79-5C29-425A-9EE8-92D994E1803A}"
EndProject
Project("{FAE04EC0-301F-11D3-BF4B-00C04F79EFBC}") = "MovilEjemplo1.iOS", "MovilEjemplo1\MovilEjemplo1.iOS\MovilEjemplo1.iOS.csproj", "{4E911D6B-BEE0-4804-8DAC-26BED0DC5972}"
EndProject
Project("{FAE04EC0-301F-11D3-BF4B-00C04F79EFBC}") = "MovilEjemplo1", "MovilEjemplo1\MovilEjemplo1\MovilEjemplo1.csproj", "{EAE352D8-1ABD-4BAB-9B65-90D85CD8FE80}"
EndProject
Global
	GlobalSection(SolutionConfigurationPlatforms) = preSolution
		Ad-Hoc|Any CPU = Ad-Hoc|Any CPU
		Ad-Hoc|iPhone = Ad-Hoc|iPhone
		Ad-Hoc|iPhoneSimulator = Ad-Hoc|iPhoneSimulator
		AppStore|Any CPU = AppStore|Any CPU
		AppStore|iPhone = AppStore|iPhone
		AppStore|iPhoneSimulator = AppStore|iPhoneSimulator
		Debug|Any CPU = Debug|Any CPU
		Debug|iPhone = Debug|iPhone
		Debug|iPhoneSimulator = Debug|iPhoneSimulator
		Release|Any CPU = Release|Any CPU
		Release|iPhone = Release|iPhone
		Release|iPhoneSimulator = Release|iPhoneSimulator
	EndGlobalSection
	GlobalSection(ProjectConfigurationPlatforms) = postSolution
		{4BFCCC79-5C29-425A-9EE8-92D994E1803A}.Ad-Hoc|Any CPU.ActiveCfg = Release|Any CPU
		{4BFCCC79-5C29-425A-9EE8-92D994E1803A}.Ad-Hoc|Any CPU.Build.0 = Release|Any CPU
		{4BFCCC79-5C29-425A-9EE8-92D994E1803A}.Ad-Hoc|Any CPU.Deploy.0 = Release|Any CPU
		{4BFCCC79-5C29-425A-9EE8-92D994E1803A}.Ad-Hoc|iPhone.ActiveCfg = Release|Any CPU
		{4BFCCC79-5C29-425A-9EE8-92D994E1803A}.Ad-Hoc|iPhone.Build.0 = Release|Any CPU
		{4BFCCC79-5C29-425A-9EE8-92D994E1803A}.Ad-Hoc|iPhone.Deploy.0 = Release|Any CPU
		{4BFCCC79-5C29-425A-9EE8-92D994E1803A}.Ad-Hoc|iPhoneSimulator.ActiveCfg = Release|Any CPU
		{4BFCCC79-5C29-425A-9EE8-92D994E1803A}.Ad-Hoc|iPhoneSimulator.Build.0 = Release|Any CPU
		{4BFCCC79-5C29-425A-9EE8-92D994E1803A}.Ad-Hoc|iPhoneSimulator.Deploy.0 = Release|Any CPU
		{4BFCCC79-5C29-425A-9EE8-92D994E1803A}.AppStore|Any CPU.ActiveCfg = Release|Any CPU
		{4BFCCC79-5C29-425A-9EE8-92D994E1803A}.AppStore|Any CPU.Build.0 = Release|Any CPU
		{4BFCCC79-5C29-425A-9EE8-92D994E1803A}.AppStore|Any CPU.Deploy.0 = Release|Any CPU
		{4BFCCC79-5C29-425A-9EE8-92D994E1803A}.AppStore|iPhone.ActiveCfg = Release|Any CPU
		{4BFCCC79-5C29-425A-9EE8-92D994E1803A}.AppStore|iPhone.Build.0 = Release|Any CPU
		{4BFCCC79-5C29-425A-9EE8-92D994E1803A}.AppStore|iPhone.Deploy.0 = Release|Any CPU
		{4BFCCC79-5C29-425A-9EE8-92D994E1803A}.AppStore|iPhoneSimulator.ActiveCfg = Release|Any CPU
		{4BFCCC79-5C29-425A-9EE8-92D994E1803A}.AppStore|iPhoneSimulator.Build.0 = Release|Any CPU
		{4BFCCC79-5C29-425A-9EE8-92D994E1803A}.AppStore|iPhoneSimulator.Deploy.0 = Release|Any CPU
		{4BFCCC79-5C29-425A-9EE8-92D994E1803A}.Debug|Any CPU.ActiveCfg = Debug|Any CPU
		{4BFCCC79-5C29-425A-9EE8-92D994E1803A}.Debug|Any CPU.Build.0 = Debug|Any CPU
		{4BFCCC79-5C29-425A-9EE8-92D994E1803A}.Debug|Any CPU.Deploy.0 = Debug|Any CPU
		{4BFCCC79-5C29-425A-9EE8-92D994E1803A}.Debug|iPhone.ActiveCfg = Debug|Any CPU
		{4BFCCC79-5C29-425A-9EE8-92D994E1803A}.Debug|iPhone.Build.0 = Debug|Any CPU
		{4BFCCC79-5C29-425A-9EE8-92D994E1803A}.Debug|iPhone.Deploy.0 = Debug|Any CPU
		{4BFCCC79-5C29-425A-9EE8-92D994E1803A}.Debug|iPhoneSimulator.ActiveCfg = Debug|Any CPU
		{4BFCCC79-5C29-425A-9EE8-92D994E1803A}.Debug|iPhoneSimulator.Build.0 = Debug|Any CPU
		{4BFCCC79-5C29-425A-9EE8-92D994E1803A}.Debug|iPhoneSimulator.Deploy.0 = Debug|Any CPU
		{4BFCCC79-5C29-425A-9EE8-92D994E1803A}.Release|Any CPU.ActiveCfg = Release|Any CPU
		{4BFCCC79-5C29-425A-9EE8-92D994E1803A}.Release|Any CPU.Build.0 = Release|Any CPU
		{4BFCCC79-5C29-425A-9EE8-92D994E1803A}.Release|Any CPU.Deploy.0 = Release|Any CPU
		{4BFCCC79-5C29-425A-9EE8-92D994E1803A}.Release|iPhone.ActiveCfg = Release|Any CPU
		{4BFCCC79-5C29-425A-9EE8-92D994E1803A}.Release|iPhone.Build.0 = Release|Any CPU
		{4BFCCC79-5C29-425A-9EE8-92D994E1803A}.Release|iPhone.Deploy.0 = Release|Any CPU
		{4BFCCC79-5C29-425A-9EE8-92D994E1803A}.Release|iPhoneSimulator.ActiveCfg = Release|Any CPU
		{4BFCCC79-5C29-425A-9EE8-92D994E1803A}.Release|iPhoneSimulator.Build.0 = Release|Any CPU
		{4BFCCC79-5C29-425A-9EE8-92D994E1803A}.Release|iPhoneSimulator.Deploy.0 = Release|Any CPU
		{4E911D6B-BEE0-4804-8DAC-26BED0DC5972}.Ad-Hoc|Any CPU.ActiveCfg = Ad-Hoc|iPhone
		{4E911D6B-BEE0-4804-8DAC-26BED0DC5972}.Ad-Hoc|iPhone.ActiveCfg = Ad-Hoc|iPhone
		{4E911D6B-BEE0-4804-8DAC-26BED0DC5972}.Ad-Hoc|iPhone.Build.0 = Ad-Hoc|iPhone
		{4E911D6B-BEE0-4804-8DAC-26BED0DC5972}.Ad-Hoc|iPhoneSimulator.ActiveCfg = Ad-Hoc|iPhoneSimulator
		{4E911D6B-BEE0-4804-8DAC-26BED0DC5972}.Ad-Hoc|iPhoneSimulator.Build.0 = Ad-Hoc|iPhoneSimulator
		{4E911D6B-BEE0-4804-8DAC-26BED0DC5972}.AppStore|Any CPU.ActiveCfg = AppStore|iPhone
		{4E911D6B-BEE0-4804-8DAC-26BED0DC5972}.AppStore|iPhone.ActiveCfg = AppStore|iPhone
		{4E911D6B-BEE0-4804-8DAC-26BED0DC5972}.AppStore|iPhone.Build.0 = AppStore|iPhone
		{4E911D6B-BEE0-4804-8DAC-26BED0DC5972}.AppStore|iPhoneSimulator.ActiveCfg = AppStore|iPhoneSimulator
		{4E911D6B-BEE0-4804-8DAC-26BED0DC5972}.AppStore|iPhoneSimulator.Build.0 = AppStore|iPhoneSimulator
		{4E911D6B-BEE0-4804-8DAC-26BED0DC5972}.Debug|Any CPU.ActiveCfg = Debug|iPhone
		{4E911D6B-BEE0-4804-8DAC-26BED0DC5972}.Debug|iPhone.ActiveCfg = Debug|iPhone
		{4E911D6B-BEE0-4804-8DAC-26BED0DC5972}.Debug|iPhone.Build.0 = Debug|iPhone
		{4E911D6B-BEE0-4804-8DAC-26BED0DC5972}.Debug|iPhoneSimulator.ActiveCfg = Debug|iPhoneSimulator
		{4E911D6B-BEE0-4804-8DAC-26BED0DC5972}.Debug|iPhoneSimulator.Build.0 = Debug|iPhoneSimulator
		{4E911D6B-BEE0-4804-8DAC-26BED0DC5972}.Release|Any CPU.ActiveCfg = Release|iPhone
		{4E911D6B-BEE0-4804-8DAC-26BED0DC5972}.Release|iPhone.ActiveCfg = Release|iPhone
		{4E911D6B-BEE0-4804-8DAC-26BED0DC5972}.Release|iPhone.Build.0 = Release|iPhone
		{4E911D6B-BEE0-4804-8DAC-26BED0DC5972}.Release|iPhoneSimulator.ActiveCfg = Release|iPhoneSimulator
		{4E911D6B-BEE0-4804-8DAC-26BED0DC5972}.Release|iPhoneSimulator.Build.0 = Release|iPhoneSimulator
		{EAE352D8-1ABD-4BAB-9B65-90D85CD8FE80}.Ad-Hoc|Any CPU.ActiveCfg = Debug|Any CPU
		{EAE352D8-1ABD-4BAB-9B65-90D85CD8FE80}.Ad-Hoc|Any CPU.Build.0 = Debug|Any CPU
		{EAE352D8-1ABD-4BAB-9B65-90D85CD8FE80}.Ad-Hoc|iPhone.ActiveCfg = Debug|Any CPU
		{EAE352D8-1ABD-4BAB-9B65-90D85CD8FE80}.Ad-Hoc|iPhone.Build.0 = Debug|Any CPU
		{EAE352D8-1ABD-4BAB-9B65-90D85CD8FE80}.Ad-Hoc|iPhoneSimulator.ActiveCfg = Debug|Any CPU
		{EAE352D8-1ABD-4BAB-9B65-90D85CD8FE80}.Ad-Hoc|iPhoneSimulator.Build.0 = Debug|Any CPU
		{EAE352D8-1ABD-4BAB-9B65-90D85CD8FE80}.AppStore|Any CPU.ActiveCfg = Debug|Any CPU
		{EAE352D8-1ABD-4BAB-9B65-90D85CD8FE80}.AppStore|Any CPU.Build.0 = Debug|Any CPU
		{EAE352D8-1ABD-4BAB-9B65-90D85CD8FE80}.AppStore|iPhone.ActiveCfg = Debug|Any CPU
		{EAE352D8-1ABD-4BAB-9B65-90D85CD8FE80}.AppStore|iPhone.Build.0 = Debug|Any CPU
		{EAE352D8-1ABD-4BAB-9B65-90D85CD8FE80}.AppStore|iPhoneSimulator.ActiveCfg = Debug|Any CPU
		{EAE352D8-1ABD-4BAB-9B65-90D85CD8FE80}.AppStore|iPhoneSimulator.Build.0 = Debug|Any CPU
		{EAE352D8-1ABD-4BAB-9B65-90D85CD8FE80}.Debug|Any CPU.ActiveCfg = Debug|Any CPU
		{EAE352D8-1ABD-4BAB-9B65-90D85CD8FE80}.Debug|Any CPU.Build.0 = Debug|Any CPU
		{EAE352D8-1ABD-4BAB-9B65-90D85CD8FE80}.Debug|iPhone.ActiveCfg = Debug|Any CPU
		{EAE352D8-1ABD-4BAB-9B65-90D85CD8FE80}.Debug|iPhone.Build.0 = Debug|Any CPU
		{EAE352D8-1ABD-4BAB-9B65-90D85CD8FE80}.Debug|iPhoneSimulator.ActiveCfg = Debug|Any CPU
		{EAE352D8-1ABD-4BAB-9B65-90D85CD8FE80}.Debug|iPhoneSimulator.Build.0 = Debug|Any CPU
		{EAE352D8-1ABD-4BAB-9B65-90D85CD8FE80}.Release|Any CPU.ActiveCfg = Release|Any CPU
		{EAE352D8-1ABD-4BAB-9B65-90D85CD8FE80}.Release|Any CPU.Build.0 = Release|Any CPU
		{EAE352D8-1ABD-4BAB-9B65-90D85CD8FE80}.Release|iPhone.ActiveCfg = Release|Any CPU
		{EAE352D8-1ABD-4BAB-9B65-90D85CD8FE80}.Release|iPhone.Build.0 = Release|Any CPU
		{EAE352D8-1ABD-4BAB-9B65-90D85CD8FE80}.Release|iPhoneSimulator.ActiveCfg = Release|Any CPU
		{EAE352D8-1ABD-4BAB-9B65-90D85CD8FE80}.Release|iPhoneSimulator.Build.0 = Release|Any CPU
	EndGlobalSection
	GlobalSection(SolutionProperties) = preSolution
		HideSolutionNode = FALSE
	EndGlobalSection
	GlobalSection(ExtensibilityGlobals) = postSolution
		SolutionGuid = {CC05310C-B07E-4B27-9C8A-DF14AB1092B5}
	EndGlobalSection
EndGlobal
